
Microsoft Visual Studio Solution File, Format Version 11.00
# Visual Studio 2010
Project("{FAE04EC0-301F-11D3-BF4B-00C04F79EFBC}") = "Assembly-CSharp", "Assembly-CSharp.csproj", "{cdf0556c-6586-020f-7423-f3db5b00501a}"
EndProject
Project("{FAE04EC0-301F-11D3-BF4B-00C04F79EFBC}") = "Assembly-CSharp-Editor-firstpass", "Assembly-CSharp-Editor-firstpass.csproj", "{a7231f3e-25a1-6422-b063-bbfec1ff2501}"
EndProject
Global
	GlobalSection(SolutionConfigurationPlatforms) = preSolution
		Debug|Any CPU = Debug|Any CPU
		Release|Any CPU = Release|Any CPU
	EndGlobalSection
	GlobalSection(ProjectConfigurationPlatforms) = postSolution
		{cdf0556c-6586-020f-7423-f3db5b00501a}.Debug|Any CPU.ActiveCfg = Debug|Any CPU
		{cdf0556c-6586-020f-7423-f3db5b00501a}.Debug|Any CPU.Build.0 = Debug|Any CPU
		{cdf0556c-6586-020f-7423-f3db5b00501a}.Release|Any CPU.ActiveCfg = Release|Any CPU
		{cdf0556c-6586-020f-7423-f3db5b00501a}.Release|Any CPU.Build.0 = Release|Any CPU
		{a7231f3e-25a1-6422-b063-bbfec1ff2501}.Debug|Any CPU.ActiveCfg = Debug|Any CPU
		{a7231f3e-25a1-6422-b063-bbfec1ff2501}.Debug|Any CPU.Build.0 = Debug|Any CPU
		{a7231f3e-25a1-6422-b063-bbfec1ff2501}.Release|Any CPU.ActiveCfg = Release|Any CPU
		{a7231f3e-25a1-6422-b063-bbfec1ff2501}.Release|Any CPU.Build.0 = Release|Any CPU
	EndGlobalSection
	GlobalSection(SolutionProperties) = preSolution
		HideSolutionNode = FALSE
	EndGlobalSection
EndGlobal
